
Microsoft Visual Studio Solution File, Format Version 12.00
# Visual Studio Version 16
VisualStudioVersion = 16.0.29509.3
MinimumVisualStudioVersion = 10.0.40219.1
Project("{E24C65DC-7377-472B-9ABA-BC803B73C61A}") = "Proba", "Proba\", "{969C8B0E-B0AD-4B6C-93E8-2C012FF46E69}"
	ProjectSection(WebsiteProperties) = preProject
		TargetFrameworkMoniker = ".NETFramework,Version%3Dv4.7.2"
		Debug.AspNetCompiler.VirtualPath = "/localhost_50358"
		Debug.AspNetCompiler.PhysicalPath = "Proba\"
		Debug.AspNetCompiler.TargetPath = "PrecompiledWeb\localhost_50358\"
		Debug.AspNetCompiler.Updateable = "true"
		Debug.AspNetCompiler.ForceOverwrite = "true"
		Debug.AspNetCompiler.FixedNames = "false"
		Debug.AspNetCompiler.Debug = "True"
		Release.AspNetCompiler.VirtualPath = "/localhost_50358"
		Release.AspNetCompiler.PhysicalPath = "Proba\"
		Release.AspNetCompiler.TargetPath = "PrecompiledWeb\localhost_50358\"
		Release.AspNetCompiler.Updateable = "true"
		Release.AspNetCompiler.ForceOverwrite = "true"
		Release.AspNetCompiler.FixedNames = "false"
		Release.AspNetCompiler.Debug = "False"
		VWDPort = "50358"
		SlnRelativePath = "Proba\"
		DefaultWebSiteLanguage = "Visual C#"
	EndProjectSection
EndProject
Global
	GlobalSection(SolutionConfigurationPlatforms) = preSolution
		Debug|Any CPU = Debug|Any CPU
	EndGlobalSection
	GlobalSection(ProjectConfigurationPlatforms) = postSolution
		{969C8B0E-B0AD-4B6C-93E8-2C012FF46E69}.Debug|Any CPU.ActiveCfg = Debug|Any CPU
		{969C8B0E-B0AD-4B6C-93E8-2C012FF46E69}.Debug|Any CPU.Build.0 = Debug|Any CPU
	EndGlobalSection
	GlobalSection(SolutionProperties) = preSolution
		HideSolutionNode = FALSE
	EndGlobalSection
	GlobalSection(ExtensibilityGlobals) = postSolution
		SolutionGuid = {DC5FCD0A-706A-4533-8BD9-D6395A59C75D}
	EndGlobalSection
EndGlobal
